
Microsoft Visual Studio Solution File, Format Version 12.00
# Visual Studio Version 17
VisualStudioVersion = 17.11.35327.3
MinimumVisualStudioVersion = 10.0.40219.1
Project("{FAE04EC0-301F-11D3-BF4B-00C04F79EFBC}") = "migracao-patrim", "migracao-patrim.csproj", "{7F40E855-0894-41C0-BA49-37E5274D68DA}"
EndProject
Global
	GlobalSection(SolutionConfigurationPlatforms) = preSolution
		Debug|Any CPU = Debug|Any CPU
		Release|Any CPU = Release|Any CPU
	EndGlobalSection
	GlobalSection(ProjectConfigurationPlatforms) = postSolution
		{7F40E855-0894-41C0-BA49-37E5274D68DA}.Debug|Any CPU.ActiveCfg = Debug|Any CPU
		{7F40E855-0894-41C0-BA49-37E5274D68DA}.Debug|Any CPU.Build.0 = Debug|Any CPU
		{7F40E855-0894-41C0-BA49-37E5274D68DA}.Release|Any CPU.ActiveCfg = Release|Any CPU
		{7F40E855-0894-41C0-BA49-37E5274D68DA}.Release|Any CPU.Build.0 = Release|Any CPU
	EndGlobalSection
	GlobalSection(SolutionProperties) = preSolution
		HideSolutionNode = FALSE
	EndGlobalSection
	GlobalSection(ExtensibilityGlobals) = postSolution
		SolutionGuid = {A0C11081-8BD9-4D4D-9B3F-FEB1C0EC7E57}
	EndGlobalSection
EndGlobal
